
Microsoft Visual Studio Solution File, Format Version 12.00
# Visual Studio Version 16
VisualStudioVersion = 16.0.29905.134
MinimumVisualStudioVersion = 10.0.40219.1
Project("{FAE04EC0-301F-11D3-BF4B-00C04F79EFBC}") = "Inventaria.Android", "Inventaria\Inventaria.Android\Inventaria.Android.csproj", "{8AAF7217-1E82-4CD9-9670-366894F41174}"
EndProject
Project("{FAE04EC0-301F-11D3-BF4B-00C04F79EFBC}") = "Inventaria", "Inventaria\Inventaria\Inventaria.csproj", "{2BF473CC-C911-4920-8CCC-6B2A394DDA20}"
EndProject
Global
	GlobalSection(SolutionConfigurationPlatforms) = preSolution
		Debug|Any CPU = Debug|Any CPU
		Release|Any CPU = Release|Any CPU
	EndGlobalSection
	GlobalSection(ProjectConfigurationPlatforms) = postSolution
		{8AAF7217-1E82-4CD9-9670-366894F41174}.Debug|Any CPU.ActiveCfg = Debug|Any CPU
		{8AAF7217-1E82-4CD9-9670-366894F41174}.Debug|Any CPU.Build.0 = Debug|Any CPU
		{8AAF7217-1E82-4CD9-9670-366894F41174}.Debug|Any CPU.Deploy.0 = Debug|Any CPU
		{8AAF7217-1E82-4CD9-9670-366894F41174}.Release|Any CPU.ActiveCfg = Release|Any CPU
		{8AAF7217-1E82-4CD9-9670-366894F41174}.Release|Any CPU.Build.0 = Release|Any CPU
		{8AAF7217-1E82-4CD9-9670-366894F41174}.Release|Any CPU.Deploy.0 = Release|Any CPU
		{2BF473CC-C911-4920-8CCC-6B2A394DDA20}.Debug|Any CPU.ActiveCfg = Debug|Any CPU
		{2BF473CC-C911-4920-8CCC-6B2A394DDA20}.Debug|Any CPU.Build.0 = Debug|Any CPU
		{2BF473CC-C911-4920-8CCC-6B2A394DDA20}.Debug|Any CPU.Deploy.0 = Debug|Any CPU
		{2BF473CC-C911-4920-8CCC-6B2A394DDA20}.Release|Any CPU.ActiveCfg = Release|Any CPU
		{2BF473CC-C911-4920-8CCC-6B2A394DDA20}.Release|Any CPU.Build.0 = Release|Any CPU
		{2BF473CC-C911-4920-8CCC-6B2A394DDA20}.Release|Any CPU.Deploy.0 = Release|Any CPU
	EndGlobalSection
	GlobalSection(SolutionProperties) = preSolution
		HideSolutionNode = FALSE
	EndGlobalSection
	GlobalSection(ExtensibilityGlobals) = postSolution
		SolutionGuid = {D314B9E2-6074-4981-AE9E-CC1A75FEEC26}
	EndGlobalSection
EndGlobal
